
Microsoft Visual Studio Solution File, Format Version 12.00
# Visual Studio Version 17
VisualStudioVersion = 17.8.34330.188
MinimumVisualStudioVersion = 10.0.40219.1
Project("{FAE04EC0-301F-11D3-BF4B-00C04F79EFBC}") = "DoAnTotNghiep", "DoAnTotNghiep\DoAnTotNghiep.csproj", "{6C97D95C-0F52-4814-BC56-031B5550FF90}"
EndProject
Global
	GlobalSection(SolutionConfigurationPlatforms) = preSolution
		Debug|Any CPU = Debug|Any CPU
		Release|Any CPU = Release|Any CPU
	EndGlobalSection
	GlobalSection(ProjectConfigurationPlatforms) = postSolution
		{6C97D95C-0F52-4814-BC56-031B5550FF90}.Debug|Any CPU.ActiveCfg = Debug|Any CPU
		{6C97D95C-0F52-4814-BC56-031B5550FF90}.Debug|Any CPU.Build.0 = Debug|Any CPU
		{6C97D95C-0F52-4814-BC56-031B5550FF90}.Release|Any CPU.ActiveCfg = Release|Any CPU
		{6C97D95C-0F52-4814-BC56-031B5550FF90}.Release|Any CPU.Build.0 = Release|Any CPU
	EndGlobalSection
	GlobalSection(SolutionProperties) = preSolution
		HideSolutionNode = FALSE
	EndGlobalSection
	GlobalSection(ExtensibilityGlobals) = postSolution
		SolutionGuid = {F6C1ACB6-5129-4656-9718-E24D7151957A}
	EndGlobalSection
EndGlobal
